
Microsoft Visual Studio Solution File, Format Version 12.00
# Visual Studio Version 17
VisualStudioVersion = 17.8.34525.116
MinimumVisualStudioVersion = 10.0.40219.1
Project("{FAE04EC0-301F-11D3-BF4B-00C04F79EFBC}") = "CRUDWithModelPopup1", "CRUDWithModelPopup1\CRUDWithModelPopup1.csproj", "{ED7E3940-1DA5-4AB4-B602-2567CE2294AB}"
EndProject
Global
	GlobalSection(SolutionConfigurationPlatforms) = preSolution
		Debug|Any CPU = Debug|Any CPU
		Release|Any CPU = Release|Any CPU
	EndGlobalSection
	GlobalSection(ProjectConfigurationPlatforms) = postSolution
		{ED7E3940-1DA5-4AB4-B602-2567CE2294AB}.Debug|Any CPU.ActiveCfg = Debug|Any CPU
		{ED7E3940-1DA5-4AB4-B602-2567CE2294AB}.Debug|Any CPU.Build.0 = Debug|Any CPU
		{ED7E3940-1DA5-4AB4-B602-2567CE2294AB}.Release|Any CPU.ActiveCfg = Release|Any CPU
		{ED7E3940-1DA5-4AB4-B602-2567CE2294AB}.Release|Any CPU.Build.0 = Release|Any CPU
	EndGlobalSection
	GlobalSection(SolutionProperties) = preSolution
		HideSolutionNode = FALSE
	EndGlobalSection
	GlobalSection(ExtensibilityGlobals) = postSolution
		SolutionGuid = {B0840EFC-9143-46C9-9CB5-0119D052B41B}
	EndGlobalSection
EndGlobal
